
Microsoft Visual Studio Solution File, Format Version 12.00
# Visual Studio Version 17
VisualStudioVersion = 17.9.34622.214
MinimumVisualStudioVersion = 10.0.40219.1
Project("{9A19103F-16F7-4668-BE54-9A1E7A4F7556}") = "DACSServerApi", "DACSServerApi\DACSServerApi.csproj", "{2468BC00-F2DB-41C1-9E5D-ADA1DA683EAB}"
EndProject
Project("{9A19103F-16F7-4668-BE54-9A1E7A4F7556}") = "SharedClassLibrary", "SharedClassLibrary\SharedClassLibrary.csproj", "{749AC160-C184-44CC-BB74-A86807C43D4D}"
EndProject
Project("{9A19103F-16F7-4668-BE54-9A1E7A4F7556}") = "DACS", "DACS\DACS.csproj", "{479DE589-9807-4A15-9718-0BF1F258D6C6}"
EndProject
Global
	GlobalSection(SolutionConfigurationPlatforms) = preSolution
		Debug|Any CPU = Debug|Any CPU
		Release|Any CPU = Release|Any CPU
	EndGlobalSection
	GlobalSection(ProjectConfigurationPlatforms) = postSolution
		{2468BC00-F2DB-41C1-9E5D-ADA1DA683EAB}.Debug|Any CPU.ActiveCfg = Debug|Any CPU
		{2468BC00-F2DB-41C1-9E5D-ADA1DA683EAB}.Debug|Any CPU.Build.0 = Debug|Any CPU
		{2468BC00-F2DB-41C1-9E5D-ADA1DA683EAB}.Release|Any CPU.ActiveCfg = Release|Any CPU
		{2468BC00-F2DB-41C1-9E5D-ADA1DA683EAB}.Release|Any CPU.Build.0 = Release|Any CPU
		{749AC160-C184-44CC-BB74-A86807C43D4D}.Debug|Any CPU.ActiveCfg = Debug|Any CPU
		{749AC160-C184-44CC-BB74-A86807C43D4D}.Debug|Any CPU.Build.0 = Debug|Any CPU
		{749AC160-C184-44CC-BB74-A86807C43D4D}.Release|Any CPU.ActiveCfg = Release|Any CPU
		{749AC160-C184-44CC-BB74-A86807C43D4D}.Release|Any CPU.Build.0 = Release|Any CPU
		{479DE589-9807-4A15-9718-0BF1F258D6C6}.Debug|Any CPU.ActiveCfg = Debug|Any CPU
		{479DE589-9807-4A15-9718-0BF1F258D6C6}.Debug|Any CPU.Build.0 = Debug|Any CPU
		{479DE589-9807-4A15-9718-0BF1F258D6C6}.Release|Any CPU.ActiveCfg = Release|Any CPU
		{479DE589-9807-4A15-9718-0BF1F258D6C6}.Release|Any CPU.Build.0 = Release|Any CPU
	EndGlobalSection
	GlobalSection(SolutionProperties) = preSolution
		HideSolutionNode = FALSE
	EndGlobalSection
	GlobalSection(ExtensibilityGlobals) = postSolution
		SolutionGuid = {56F2078D-2DAC-438D-91D8-F946EC4989AE}
	EndGlobalSection
EndGlobal
